
Microsoft Visual Studio Solution File, Format Version 12.00
# Visual Studio Version 17
VisualStudioVersion = 17.0.31903.59
MinimumVisualStudioVersion = 10.0.40219.1
Project("{9A19103F-16F7-4668-BE54-9A1E7A4F7556}") = "AyrinMovie.Web", "AyrinMovie.Web\AyrinMovie.Web.csproj", "{08E9AA1D-CE5D-4B66-801A-8B8802BE861B}"
EndProject
Project("{9A19103F-16F7-4668-BE54-9A1E7A4F7556}") = "AyrinMovie.Core", "AyrinMovie.Core\AyrinMovie.Core.csproj", "{B6C1D452-CD45-401F-A25C-85DEFF56F2F9}"
EndProject
Project("{9A19103F-16F7-4668-BE54-9A1E7A4F7556}") = "AyrinMovie.DataLayer", "AyrinMovie.DataLayer\AyrinMovie.DataLayer.csproj", "{70F8F9CB-E13C-442F-826A-D6963869538D}"
EndProject
Global
	GlobalSection(SolutionConfigurationPlatforms) = preSolution
		Debug|Any CPU = Debug|Any CPU
		Release|Any CPU = Release|Any CPU
	EndGlobalSection
	GlobalSection(ProjectConfigurationPlatforms) = postSolution
		{08E9AA1D-CE5D-4B66-801A-8B8802BE861B}.Debug|Any CPU.ActiveCfg = Debug|Any CPU
		{08E9AA1D-CE5D-4B66-801A-8B8802BE861B}.Debug|Any CPU.Build.0 = Debug|Any CPU
		{08E9AA1D-CE5D-4B66-801A-8B8802BE861B}.Release|Any CPU.ActiveCfg = Release|Any CPU
		{08E9AA1D-CE5D-4B66-801A-8B8802BE861B}.Release|Any CPU.Build.0 = Release|Any CPU
		{B6C1D452-CD45-401F-A25C-85DEFF56F2F9}.Debug|Any CPU.ActiveCfg = Debug|Any CPU
		{B6C1D452-CD45-401F-A25C-85DEFF56F2F9}.Debug|Any CPU.Build.0 = Debug|Any CPU
		{B6C1D452-CD45-401F-A25C-85DEFF56F2F9}.Release|Any CPU.ActiveCfg = Release|Any CPU
		{B6C1D452-CD45-401F-A25C-85DEFF56F2F9}.Release|Any CPU.Build.0 = Release|Any CPU
		{70F8F9CB-E13C-442F-826A-D6963869538D}.Debug|Any CPU.ActiveCfg = Debug|Any CPU
		{70F8F9CB-E13C-442F-826A-D6963869538D}.Debug|Any CPU.Build.0 = Debug|Any CPU
		{70F8F9CB-E13C-442F-826A-D6963869538D}.Release|Any CPU.ActiveCfg = Release|Any CPU
		{70F8F9CB-E13C-442F-826A-D6963869538D}.Release|Any CPU.Build.0 = Release|Any CPU
	EndGlobalSection
	GlobalSection(SolutionProperties) = preSolution
		HideSolutionNode = FALSE
	EndGlobalSection
	GlobalSection(ExtensibilityGlobals) = postSolution
		SolutionGuid = {37817025-326E-4C77-8506-4C6AF5B7A928}
	EndGlobalSection
EndGlobal
